// !$*UTF8*$!
{
	archiveVersion = 1;
	classes = {
	};
	objectVersion = 46;
	objects = {

/* Begin PBXBuildFile section */
		58D2247A43AEF69C1760E0CC /* Pods_BookAppTests.framework in Frameworks */ = {isa = PBXBuildFile; fileRef = 7369DEA8F876A1B42206E2CD /* Pods_BookAppTests.framework */; };
		6B38EA1A1D4206FB0011FB3D /* AppDelegate.swift in Sources */ = {isa = PBXBuildFile; fileRef = 6B38EA191D4206FB0011FB3D /* AppDelegate.swift */; };
		6B38EA1C1D4206FB0011FB3D /* ViewController.swift in Sources */ = {isa = PBXBuildFile; fileRef = 6B38EA1B1D4206FB0011FB3D /* ViewController.swift */; };
		6B38EA1F1D4206FB0011FB3D /* Main.storyboard in Resources */ = {isa = PBXBuildFile; fileRef = 6B38EA1D1D4206FB0011FB3D /* Main.storyboard */; };
		6B38EA221D4206FB0011FB3D /* BookApp.xcdatamodeld in Sources */ = {isa = PBXBuildFile; fileRef = 6B38EA201D4206FB0011FB3D /* BookApp.xcdatamodeld */; };
		6B38EA241D4206FB0011FB3D /* Assets.xcassets in Resources */ = {isa = PBXBuildFile; fileRef = 6B38EA231D4206FB0011FB3D /* Assets.xcassets */; };
		6B38EA271D4206FB0011FB3D /* LaunchScreen.storyboard in Resources */ = {isa = PBXBuildFile; fileRef = 6B38EA251D4206FB0011FB3D /* LaunchScreen.storyboard */; };
		6B38EA321D4206FB0011FB3D /* BookAppTests.swift in Sources */ = {isa = PBXBuildFile; fileRef = 6B38EA311D4206FB0011FB3D /* BookAppTests.swift */; };
		6B38EA3D1D4207360011FB3D /* GoogleService-Info.plist in Resources */ = {isa = PBXBuildFile; fileRef = 6B38EA3C1D4207360011FB3D /* GoogleService-Info.plist */; };
		6B38EA3E1D4207360011FB3D /* GoogleService-Info.plist in Resources */ = {isa = PBXBuildFile; fileRef = 6B38EA3C1D4207360011FB3D /* GoogleService-Info.plist */; };
		6B38EA451D4213900011FB3D /* BookDetailTableViewCell.swift in Sources */ = {isa = PBXBuildFile; fileRef = 6B38EA431D4213900011FB3D /* BookDetailTableViewCell.swift */; };
		6B38EA461D4213900011FB3D /* BookDetailTableViewCell.xib in Resources */ = {isa = PBXBuildFile; fileRef = 6B38EA441D4213900011FB3D /* BookDetailTableViewCell.xib */; };
		6B38EA481D4226610011FB3D /* BookPageViewController.swift in Sources */ = {isa = PBXBuildFile; fileRef = 6B38EA471D4226610011FB3D /* BookPageViewController.swift */; };
		6BA69AB41D42404D00268341 /* NewBookViewController.swift in Sources */ = {isa = PBXBuildFile; fileRef = 6BA69AB31D42404D00268341 /* NewBookViewController.swift */; };
		AB9E85C656D80BFA01FFF1BF /* Pods_BookApp.framework in Frameworks */ = {isa = PBXBuildFile; fileRef = D6B8591EA95E9C09E39F4C5F /* Pods_BookApp.framework */; };
/* End PBXBuildFile section */

/* Begin PBXContainerItemProxy section */
		6B38EA2E1D4206FB0011FB3D /* PBXContainerItemProxy */ = {
			isa = PBXContainerItemProxy;
			containerPortal = 6B38EA0E1D4206FB0011FB3D /* Project object */;
			proxyType = 1;
			remoteGlobalIDString = 6B38EA151D4206FB0011FB3D;
			remoteInfo = BookApp;
		};
/* End PBXContainerItemProxy section */

/* Begin PBXFileReference section */
		6B38EA161D4206FB0011FB3D /* BookApp.app */ = {isa = PBXFileReference; explicitFileType = wrapper.application; includeInIndex = 0; path = BookApp.app; sourceTree = BUILT_PRODUCTS_DIR; };
		6B38EA191D4206FB0011FB3D /* AppDelegate.swift */ = {isa = PBXFileReference; lastKnownFileType = sourcecode.swift; path = AppDelegate.swift; sourceTree = "<group>"; };
		6B38EA1B1D4206FB0011FB3D /* ViewController.swift */ = {isa = PBXFileReference; lastKnownFileType = sourcecode.swift; path = ViewController.swift; sourceTree = "<group>"; };
		6B38EA1E1D4206FB0011FB3D /* Base */ = {isa = PBXFileReference; lastKnownFileType = file.storyboard; name = Base; path = Base.lproj/Main.storyboard; sourceTree = "<group>"; };
		6B38EA211D4206FB0011FB3D /* BookApp.xcdatamodel */ = {isa = PBXFileReference; lastKnownFileType = wrapper.xcdatamodel; path = BookApp.xcdatamodel; sourceTree = "<group>"; };
		6B38EA231D4206FB0011FB3D /* Assets.xcassets */ = {isa = PBXFileReference; lastKnownFileType = folder.assetcatalog; path = Assets.xcassets; sourceTree = "<group>"; };
		6B38EA261D4206FB0011FB3D /* Base */ = {isa = PBXFileReference; lastKnownFileType = file.storyboard; name = Base; path = Base.lproj/LaunchScreen.storyboard; sourceTree = "<group>"; };
		6B38EA281D4206FB0011FB3D /* Info.plist */ = {isa = PBXFileReference; lastKnownFileType = text.plist.xml; path = Info.plist; sourceTree = "<group>"; };
		6B38EA2D1D4206FB0011FB3D /* BookAppTests.xctest */ = {isa = PBXFileReference; explicitFileType = wrapper.cfbundle; includeInIndex = 0; path = BookAppTests.xctest; sourceTree = BUILT_PRODUCTS_DIR; };
		6B38EA311D4206FB0011FB3D /* BookAppTests.swift */ = {isa = PBXFileReference; lastKnownFileType = sourcecode.swift; path = BookAppTests.swift; sourceTree = "<group>"; };
		6B38EA331D4206FB0011FB3D /* Info.plist */ = {isa = PBXFileReference; lastKnownFileType = text.plist.xml; path = Info.plist; sourceTree = "<group>"; };
		6B38EA3C1D4207360011FB3D /* GoogleService-Info.plist */ = {isa = PBXFileReference; fileEncoding = 4; lastKnownFileType = text.plist.xml; path = "GoogleService-Info.plist"; sourceTree = "<group>"; };
		6B38EA431D4213900011FB3D /* BookDetailTableViewCell.swift */ = {isa = PBXFileReference; fileEncoding = 4; lastKnownFileType = sourcecode.swift; path = BookDetailTableViewCell.swift; sourceTree = "<group>"; };
		6B38EA441D4213900011FB3D /* BookDetailTableViewCell.xib */ = {isa = PBXFileReference; fileEncoding = 4; lastKnownFileType = file.xib; path = BookDetailTableViewCell.xib; sourceTree = "<group>"; };
		6B38EA471D4226610011FB3D /* BookPageViewController.swift */ = {isa = PBXFileReference; fileEncoding = 4; lastKnownFileType = sourcecode.swift; path = BookPageViewController.swift; sourceTree = "<group>"; };
		6BA69AB31D42404D00268341 /* NewBookViewController.swift */ = {isa = PBXFileReference; fileEncoding = 4; lastKnownFileType = sourcecode.swift; path = NewBookViewController.swift; sourceTree = "<group>"; };
		7369DEA8F876A1B42206E2CD /* Pods_BookAppTests.framework */ = {isa = PBXFileReference; explicitFileType = wrapper.framework; includeInIndex = 0; path = Pods_BookAppTests.framework; sourceTree = BUILT_PRODUCTS_DIR; };
		8A2087C939D71007015A265D /* Pods-BookApp.release.xcconfig */ = {isa = PBXFileReference; includeInIndex = 1; lastKnownFileType = text.xcconfig; name = "Pods-BookApp.release.xcconfig"; path = "Pods/Target Support Files/Pods-BookApp/Pods-BookApp.release.xcconfig"; sourceTree = "<group>"; };
		ACB9DBEB174477A8202598E4 /* Pods-BookAppTests.release.xcconfig */ = {isa = PBXFileReference; includeInIndex = 1; lastKnownFileType = text.xcconfig; name = "Pods-BookAppTests.release.xcconfig"; path = "Pods/Target Support Files/Pods-BookAppTests/Pods-BookAppTests.release.xcconfig"; sourceTree = "<group>"; };
		C82AD476AAC9ACCC9091479C /* Pods-BookAppTests.debug.xcconfig */ = {isa = PBXFileReference; includeInIndex = 1; lastKnownFileType = text.xcconfig; name = "Pods-BookAppTests.debug.xcconfig"; path = "Pods/Target Support Files/Pods-BookAppTests/Pods-BookAppTests.debug.xcconfig"; sourceTree = "<group>"; };
		D6B8591EA95E9C09E39F4C5F /* Pods_BookApp.framework */ = {isa = PBXFileReference; explicitFileType = wrapper.framework; includeInIndex = 0; path = Pods_BookApp.framework; sourceTree = BUILT_PRODUCTS_DIR; };
		DAE12EB9160F314C2924B35B /* Pods-BookApp.debug.xcconfig */ = {isa = PBXFileReference; includeInIndex = 1; lastKnownFileType = text.xcconfig; name = "Pods-BookApp.debug.xcconfig"; path = "Pods/Target Support Files/Pods-BookApp/Pods-BookApp.debug.xcconfig"; sourceTree = "<group>"; };
/* End PBXFileReference section */

/* Begin PBXFrameworksBuildPhase section */
		6B38EA131D4206FB0011FB3D /* Frameworks */ = {
			isa = PBXFrameworksBuildPhase;
			buildActionMask = 2147483647;
			files = (
				AB9E85C656D80BFA01FFF1BF /* Pods_BookApp.framework in Frameworks */,
			);
			runOnlyForDeploymentPostprocessing = 0;
		};
		6B38EA2A1D4206FB0011FB3D /* Frameworks */ = {
			isa = PBXFrameworksBuildPhase;
			buildActionMask = 2147483647;
			files = (
				58D2247A43AEF69C1760E0CC /* Pods_BookAppTests.framework in Frameworks */,
			);
			runOnlyForDeploymentPostprocessing = 0;
		};
/* End PBXFrameworksBuildPhase section */

/* Begin PBXGroup section */
		4B89874EC03322F1E165A9BD /* Pods */ = {
			isa = PBXGroup;
			children = (
				DAE12EB9160F314C2924B35B /* Pods-BookApp.debug.xcconfig */,
				8A2087C939D71007015A265D /* Pods-BookApp.release.xcconfig */,
				C82AD476AAC9ACCC9091479C /* Pods-BookAppTests.debug.xcconfig */,
				ACB9DBEB174477A8202598E4 /* Pods-BookAppTests.release.xcconfig */,
			);
			name = Pods;
			sourceTree = "<group>";
		};
		51BA29CC7781DE367D0D0234 /* Frameworks */ = {
			isa = PBXGroup;
			children = (
				D6B8591EA95E9C09E39F4C5F /* Pods_BookApp.framework */,
				7369DEA8F876A1B42206E2CD /* Pods_BookAppTests.framework */,
			);
			name = Frameworks;
			sourceTree = "<group>";
		};
		6B38EA0D1D4206FB0011FB3D = {
			isa = PBXGroup;
			children = (
				6B38EA181D4206FB0011FB3D /* BookApp */,
				6B38EA301D4206FB0011FB3D /* BookAppTests */,
				6B38EA171D4206FB0011FB3D /* Products */,
				4B89874EC03322F1E165A9BD /* Pods */,
				51BA29CC7781DE367D0D0234 /* Frameworks */,
			);
			sourceTree = "<group>";
		};
		6B38EA171D4206FB0011FB3D /* Products */ = {
			isa = PBXGroup;
			children = (
				6B38EA161D4206FB0011FB3D /* BookApp.app */,
				6B38EA2D1D4206FB0011FB3D /* BookAppTests.xctest */,
			);
			name = Products;
			sourceTree = "<group>";
		};
		6B38EA181D4206FB0011FB3D /* BookApp */ = {
			isa = PBXGroup;
			children = (
				6B38EA191D4206FB0011FB3D /* AppDelegate.swift */,
				6B38EA1B1D4206FB0011FB3D /* ViewController.swift */,
				6BA69AB31D42404D00268341 /* NewBookViewController.swift */,
				6B38EA1D1D4206FB0011FB3D /* Main.storyboard */,
				6B38EA471D4226610011FB3D /* BookPageViewController.swift */,
				6B38EA431D4213900011FB3D /* BookDetailTableViewCell.swift */,
				6B38EA441D4213900011FB3D /* BookDetailTableViewCell.xib */,
				6B38EA231D4206FB0011FB3D /* Assets.xcassets */,
				6B38EA251D4206FB0011FB3D /* LaunchScreen.storyboard */,
				6B38EA281D4206FB0011FB3D /* Info.plist */,
				6B38EA3C1D4207360011FB3D /* GoogleService-Info.plist */,
				6B38EA201D4206FB0011FB3D /* BookApp.xcdatamodeld */,
			);
			path = BookApp;
			sourceTree = "<group>";
		};
		6B38EA301D4206FB0011FB3D /* BookAppTests */ = {
			isa = PBXGroup;
			children = (
				6B38EA311D4206FB0011FB3D /* BookAppTests.swift */,
				6B38EA331D4206FB0011FB3D /* Info.plist */,
			);
			path = BookAppTests;
			sourceTree = "<group>";
		};
/* End PBXGroup section */

/* Begin PBXNativeTarget section */
		6B38EA151D4206FB0011FB3D /* BookApp */ = {
			isa = PBXNativeTarget;
			buildConfigurationList = 6B38EA361D4206FB0011FB3D /* Build configuration list for PBXNativeTarget "BookApp" */;
			buildPhases = (
				F5F33D3AB899E66A3D40ECF9 /* [CP] Check Pods Manifest.lock */,
				6B38EA121D4206FB0011FB3D /* Sources */,
				6B38EA131D4206FB0011FB3D /* Frameworks */,
				6B38EA141D4206FB0011FB3D /* Resources */,
				7923A39B93C39E59DED96916 /* [CP] Embed Pods Frameworks */,
				1641418A25B7064544DD7D1A /* [CP] Copy Pods Resources */,
			);
			buildRules = (
			);
			dependencies = (
			);
			name = BookApp;
			productName = BookApp;
			productReference = 6B38EA161D4206FB0011FB3D /* BookApp.app */;
			productType = "com.apple.product-type.application";
		};
		6B38EA2C1D4206FB0011FB3D /* BookAppTests */ = {
			isa = PBXNativeTarget;
			buildConfigurationList = 6B38EA391D4206FB0011FB3D /* Build configuration list for PBXNativeTarget "BookAppTests" */;
			buildPhases = (
				514392AFB227679EA4AF5696 /* [CP] Check Pods Manifest.lock */,
				6B38EA291D4206FB0011FB3D /* Sources */,
				6B38EA2A1D4206FB0011FB3D /* Frameworks */,
				6B38EA2B1D4206FB0011FB3D /* Resources */,
				98BECFE43FBCF3D6B0E89235 /* [CP] Embed Pods Frameworks */,
				F9788F1E805AD193C624598F /* [CP] Copy Pods Resources */,
			);
			buildRules = (
			);
			dependencies = (
				6B38EA2F1D4206FB0011FB3D /* PBXTargetDependency */,
			);
			name = BookAppTests;
			productName = BookAppTests;
			productReference = 6B38EA2D1D4206FB0011FB3D /* BookAppTests.xctest */;
			productType = "com.apple.product-type.bundle.unit-test";
		};
/* End PBXNativeTarget section */

/* Begin PBXProject section */
		6B38EA0E1D4206FB0011FB3D /* Project object */ = {
			isa = PBXProject;
			attributes = {
				LastSwiftUpdateCheck = 0730;
				LastUpgradeCheck = 0730;
				ORGANIZATIONNAME = YeouTimothy;
				TargetAttributes = {
					6B38EA151D4206FB0011FB3D = {
						CreatedOnToolsVersion = 7.3.1;
					};
					6B38EA2C1D4206FB0011FB3D = {
						CreatedOnToolsVersion = 7.3.1;
						TestTargetID = 6B38EA151D4206FB0011FB3D;
					};
				};
			};
			buildConfigurationList = 6B38EA111D4206FB0011FB3D /* Build configuration list for PBXProject "BookApp" */;
			compatibilityVersion = "Xcode 3.2";
			developmentRegion = English;
			hasScannedForEncodings = 0;
			knownRegions = (
				en,
				Base,
			);
			mainGroup = 6B38EA0D1D4206FB0011FB3D;
			productRefGroup = 6B38EA171D4206FB0011FB3D /* Products */;
			projectDirPath = "";
			projectRoot = "";
			targets = (
				6B38EA151D4206FB0011FB3D /* BookApp */,
				6B38EA2C1D4206FB0011FB3D /* BookAppTests */,
			);
		};
/* End PBXProject section */

/* Begin PBXResourcesBuildPhase section */
		6B38EA141D4206FB0011FB3D /* Resources */ = {
			isa = PBXResourcesBuildPhase;
			buildActionMask = 2147483647;
			files = (
				6B38EA271D4206FB0011FB3D /* LaunchScreen.storyboard in Resources */,
				6B38EA461D4213900011FB3D /* BookDetailTableViewCell.xib in Resources */,
				6B38EA3D1D4207360011FB3D /* GoogleService-Info.plist in Resources */,
				6B38EA241D4206FB0011FB3D /* Assets.xcassets in Resources */,
				6B38EA1F1D4206FB0011FB3D /* Main.storyboard in Resources */,
			);
			runOnlyForDeploymentPostprocessing = 0;
		};
		6B38EA2B1D4206FB0011FB3D /* Resources */ = {
			isa = PBXResourcesBuildPhase;
			buildActionMask = 2147483647;
			files = (
				6B38EA3E1D4207360011FB3D /* GoogleService-Info.plist in Resources */,
			);
			runOnlyForDeploymentPostprocessing = 0;
		};
/* End PBXResourcesBuildPhase section */

/* Begin PBXShellScriptBuildPhase section */
		1641418A25B7064544DD7D1A /* [CP] Copy Pods Resources */ = {
			isa = PBXShellScriptBuildPhase;
			buildActionMask = 2147483647;
			files = (
			);
			inputPaths = (
			);
			name = "[CP] Copy Pods Resources";
			outputPaths = (
			);
			runOnlyForDeploymentPostprocessing = 0;
			shellPath = /bin/sh;
			shellScript = "\"${SRCROOT}/Pods/Target Support Files/Pods-BookApp/Pods-BookApp-resources.sh\"\n";
			showEnvVarsInLog = 0;
		};
		514392AFB227679EA4AF5696 /* [CP] Check Pods Manifest.lock */ = {
			isa = PBXShellScriptBuildPhase;
			buildActionMask = 2147483647;
			files = (
			);
			inputPaths = (
			);
			name = "[CP] Check Pods Manifest.lock";
			outputPaths = (
			);
			runOnlyForDeploymentPostprocessing = 0;
			shellPath = /bin/sh;
			shellScript = "diff \"${PODS_ROOT}/../Podfile.lock\" \"${PODS_ROOT}/Manifest.lock\" > /dev/null\nif [[ $? != 0 ]] ; then\n    cat << EOM\nerror: The sandbox is not in sync with the Podfile.lock. Run 'pod install' or update your CocoaPods installation.\nEOM\n    exit 1\nfi\n";
			showEnvVarsInLog = 0;
		};
		7923A39B93C39E59DED96916 /* [CP] Embed Pods Frameworks */ = {
			isa = PBXShellScriptBuildPhase;
			buildActionMask = 2147483647;
			files = (
			);
			inputPaths = (
			);
			name = "[CP] Embed Pods Frameworks";
			outputPaths = (
			);
			runOnlyForDeploymentPostprocessing = 0;
			shellPath = /bin/sh;
			shellScript = "\"${SRCROOT}/Pods/Target Support Files/Pods-BookApp/Pods-BookApp-frameworks.sh\"\n";
			showEnvVarsInLog = 0;
		};
		98BECFE43FBCF3D6B0E89235 /* [CP] Embed Pods Frameworks */ = {
			isa = PBXShellScriptBuildPhase;
			buildActionMask = 2147483647;
			files = (
			);
			inputPaths = (
			);
			name = "[CP] Embed Pods Frameworks";
			outputPaths = (
			);
			runOnlyForDeploymentPostprocessing = 0;
			shellPath = /bin/sh;
			shellScript = "\"${SRCROOT}/Pods/Target Support Files/Pods-BookAppTests/Pods-BookAppTests-frameworks.sh\"\n";
			showEnvVarsInLog = 0;
		};
		F5F33D3AB899E66A3D40ECF9 /* [CP] Check Pods Manifest.lock */ = {
			isa = PBXShellScriptBuildPhase;
			buildActionMask = 2147483647;
			files = (
			);
			inputPaths = (
			);
			name = "[CP] Check Pods Manifest.lock";
			outputPaths = (
			);
			runOnlyForDeploymentPostprocessing = 0;
			shellPath = /bin/sh;
			shellScript = "diff \"${PODS_ROOT}/../Podfile.lock\" \"${PODS_ROOT}/Manifest.lock\" > /dev/null\nif [[ $? != 0 ]] ; then\n    cat << EOM\nerror: The sandbox is not in sync with the Podfile.lock. Run 'pod install' or update your CocoaPods installation.\nEOM\n    exit 1\nfi\n";
			showEnvVarsInLog = 0;
		};
		F9788F1E805AD193C624598F /* [CP] Copy Pods Resources */ = {
			isa = PBXShellScriptBuildPhase;
			buildActionMask = 2147483647;
			files = (
			);
			inputPaths = (
			);
			name = "[CP] Copy Pods Resources";
			outputPaths = (
			);
			runOnlyForDeploymentPostprocessing = 0;
			shellPath = /bin/sh;
			shellScript = "\"${SRCROOT}/Pods/Target Support Files/Pods-BookAppTests/Pods-BookAppTests-resources.sh\"\n";
			showEnvVarsInLog = 0;
		};
/* End PBXShellScriptBuildPhase section */

/* Begin PBXSourcesBuildPhase section */
		6B38EA121D4206FB0011FB3D /* Sources */ = {
			isa = PBXSourcesBuildPhase;
			buildActionMask = 2147483647;
			files = (
				6B38EA1C1D4206FB0011FB3D /* ViewController.swift in Sources */,
				6B38EA481D4226610011FB3D /* BookPageViewController.swift in Sources */,
				6B38EA451D4213900011FB3D /* BookDetailTableViewCell.swift in Sources */,
				6B38EA1A1D4206FB0011FB3D /* AppDelegate.swift in Sources */,
				6BA69AB41D42404D00268341 /* NewBookViewController.swift in Sources */,
				6B38EA221D4206FB0011FB3D /* BookApp.xcdatamodeld in Sources */,
			);
			runOnlyForDeploymentPostprocessing = 0;
		};
		6B38EA291D4206FB0011FB3D /* Sources */ = {
			isa = PBXSourcesBuildPhase;
			buildActionMask = 2147483647;
			files = (
				6B38EA321D4206FB0011FB3D /* BookAppTests.swift in Sources */,
			);
			runOnlyForDeploymentPostprocessing = 0;
		};
/* End PBXSourcesBuildPhase section */

/* Begin PBXTargetDependency section */
		6B38EA2F1D4206FB0011FB3D /* PBXTargetDependency */ = {
			isa = PBXTargetDependency;
			target = 6B38EA151D4206FB0011FB3D /* BookApp */;
			targetProxy = 6B38EA2E1D4206FB0011FB3D /* PBXContainerItemProxy */;
		};
/* End PBXTargetDependency section */

/* Begin PBXVariantGroup section */
		6B38EA1D1D4206FB0011FB3D /* Main.storyboard */ = {
			isa = PBXVariantGroup;
			children = (
				6B38EA1E1D4206FB0011FB3D /* Base */,
			);
			name = Main.storyboard;
			sourceTree = "<group>";
		};
		6B38EA251D4206FB0011FB3D /* LaunchScreen.storyboard */ = {
			isa = PBXVariantGroup;
			children = (
				6B38EA261D4206FB0011FB3D /* Base */,
			);
			name = LaunchScreen.storyboard;
			sourceTree = "<group>";
		};
/* End PBXVariantGroup section */

/* Begin XCBuildConfiguration section */
		6B38EA341D4206FB0011FB3D /* Debug */ = {
			isa = XCBuildConfiguration;
			buildSettings = {
				ALWAYS_SEARCH_USER_PATHS = NO;
				CLANG_ANALYZER_NONNULL = YES;
				CLANG_CXX_LANGUAGE_STANDARD = "gnu++0x";
				CLANG_CXX_LIBRARY = "libc++";
				CLANG_ENABLE_MODULES = YES;
				CLANG_ENABLE_OBJC_ARC = YES;
				CLANG_WARN_BOOL_CONVERSION = YES;
				CLANG_WARN_CONSTANT_CONVERSION = YES;
				CLANG_WARN_DIRECT_OBJC_ISA_USAGE = YES_ERROR;
				CLANG_WARN_EMPTY_BODY = YES;
				CLANG_WARN_ENUM_CONVERSION = YES;
				CLANG_WARN_INT_CONVERSION = YES;
				CLANG_WARN_OBJC_ROOT_CLASS = YES_ERROR;
				CLANG_WARN_UNREACHABLE_CODE = YES;
				CLANG_WARN__DUPLICATE_METHOD_MATCH = YES;
				"CODE_SIGN_IDENTITY[sdk=iphoneos*]" = "iPhone Developer";
				COPY_PHASE_STRIP = NO;
				DEBUG_INFORMATION_FORMAT = dwarf;
				ENABLE_STRICT_OBJC_MSGSEND = YES;
				ENABLE_TESTABILITY = YES;
				GCC_C_LANGUAGE_STANDARD = gnu99;
				GCC_DYNAMIC_NO_PIC = NO;
				GCC_NO_COMMON_BLOCKS = YES;
				GCC_OPTIMIZATION_LEVEL = 0;
				GCC_PREPROCESSOR_DEFINITIONS = (
					"DEBUG=1",
					"$(inherited)",
				);
				GCC_WARN_64_TO_32_BIT_CONVERSION = YES;
				GCC_WARN_ABOUT_RETURN_TYPE = YES_ERROR;
				GCC_WARN_UNDECLARED_SELECTOR = YES;
				GCC_WARN_UNINITIALIZED_AUTOS = YES_AGGRESSIVE;
				GCC_WARN_UNUSED_FUNCTION = YES;
				GCC_WARN_UNUSED_VARIABLE = YES;
				IPHONEOS_DEPLOYMENT_TARGET = 9.3;
				MTL_ENABLE_DEBUG_INFO = YES;
				ONLY_ACTIVE_ARCH = YES;
				SDKROOT = iphoneos;
				SWIFT_OPTIMIZATION_LEVEL = "-Onone";
				TARGETED_DEVICE_FAMILY = "1,2";
			};
			name = Debug;
		};
		6B38EA351D4206FB0011FB3D /* Release */ = {
			isa = XCBuildConfiguration;
			buildSettings = {
				ALWAYS_SEARCH_USER_PATHS = NO;
				CLANG_ANALYZER_NONNULL = YES;
				CLANG_CXX_LANGUAGE_STANDARD = "gnu++0x";
				CLANG_CXX_LIBRARY = "libc++";
				CLANG_ENABLE_MODULES = YES;
				CLANG_ENABLE_OBJC_ARC = YES;
				CLANG_WARN_BOOL_CONVERSION = YES;
				CLANG_WARN_CONSTANT_CONVERSION = YES;
				CLANG_WARN_DIRECT_OBJC_ISA_USAGE = YES_ERROR;
				CLANG_WARN_EMPTY_BODY = YES;
				CLANG_WARN_ENUM_CONVERSION = YES;
				CLANG_WARN_INT_CONVERSION = YES;
				CLANG_WARN_OBJC_ROOT_CLASS = YES_ERROR;
				CLANG_WARN_UNREACHABLE_CODE = YES;
				CLANG_WARN__DUPLICATE_METHOD_MATCH = YES;
				"CODE_SIGN_IDENTITY[sdk=iphoneos*]" = "iPhone Developer";
				COPY_PHASE_STRIP = NO;
				DEBUG_INFORMATION_FORMAT = "dwarf-with-dsym";
				ENABLE_NS_ASSERTIONS = NO;
				ENABLE_STRICT_OBJC_MSGSEND = YES;
				GCC_C_LANGUAGE_STANDARD = gnu99;
				GCC_NO_COMMON_BLOCKS = YES;
				GCC_WARN_64_TO_32_BIT_CONVERSION = YES;
				GCC_WARN_ABOUT_RETURN_TYPE = YES_ERROR;
				GCC_WARN_UNDECLARED_SELECTOR = YES;
				GCC_WARN_UNINITIALIZED_AUTOS = YES_AGGRESSIVE;
				GCC_WARN_UNUSED_FUNCTION = YES;
				GCC_WARN_UNUSED_VARIABLE = YES;
				IPHONEOS_DEPLOYMENT_TARGET = 9.3;
				MTL_ENABLE_DEBUG_INFO = NO;
				SDKROOT = iphoneos;
				TARGETED_DEVICE_FAMILY = "1,2";
				VALIDATE_PRODUCT = YES;
			};
			name = Release;
		};
		6B38EA371D4206FB0011FB3D /* Debug */ = {
			isa = XCBuildConfiguration;
			baseConfigurationReference = DAE12EB9160F314C2924B35B /* Pods-BookApp.debug.xcconfig */;
			buildSettings = {
				ASSETCATALOG_COMPILER_APPICON_NAME = AppIcon;
				INFOPLIST_FILE = BookApp/Info.plist;
				LD_RUNPATH_SEARCH_PATHS = "$(inherited) @executable_path/Frameworks";
				PRODUCT_BUNDLE_IDENTIFIER = com.Mute.BookApp;
				PRODUCT_NAME = "$(TARGET_NAME)";
			};
			name = Debug;
		};
		6B38EA381D4206FB0011FB3D /* Release */ = {
			isa = XCBuildConfiguration;
			baseConfigurationReference = 8A2087C939D71007015A265D /* Pods-BookApp.release.xcconfig */;
			buildSettings = {
				ASSETCATALOG_COMPILER_APPICON_NAME = AppIcon;
				INFOPLIST_FILE = BookApp/Info.plist;
				LD_RUNPATH_SEARCH_PATHS = "$(inherited) @executable_path/Frameworks";
				PRODUCT_BUNDLE_IDENTIFIER = com.Mute.BookApp;
				PRODUCT_NAME = "$(TARGET_NAME)";
			};
			name = Release;
		};
		6B38EA3A1D4206FB0011FB3D /* Debug */ = {
			isa = XCBuildConfiguration;
			baseConfigurationReference = C82AD476AAC9ACCC9091479C /* Pods-BookAppTests.debug.xcconfig */;
			buildSettings = {
				BUNDLE_LOADER = "$(TEST_HOST)";
				INFOPLIST_FILE = BookAppTests/Info.plist;
				LD_RUNPATH_SEARCH_PATHS = "$(inherited) @executable_path/Frameworks @loader_path/Frameworks";
				PRODUCT_BUNDLE_IDENTIFIER = com.Mute.BookAppTests;
				PRODUCT_NAME = "$(TARGET_NAME)";
				TEST_HOST = "$(BUILT_PRODUCTS_DIR)/BookApp.app/BookApp";
			};
			name = Debug;
		};
		6B38EA3B1D4206FB0011FB3D /* Release */ = {
			isa = XCBuildConfiguration;
			baseConfigurationReference = ACB9DBEB174477A8202598E4 /* Pods-BookAppTests.release.xcconfig */;
			buildSettings = {
				BUNDLE_LOADER = "$(TEST_HOST)";
				INFOPLIST_FILE = BookAppTests/Info.plist;
				LD_RUNPATH_SEARCH_PATHS = "$(inherited) @executable_path/Frameworks @loader_path/Frameworks";
				PRODUCT_BUNDLE_IDENTIFIER = com.Mute.BookAppTests;
				PRODUCT_NAME = "$(TARGET_NAME)";
				TEST_HOST = "$(BUILT_PRODUCTS_DIR)/BookApp.app/BookApp";
			};
			name = Release;
		};
/* End XCBuildConfiguration section */

/* Begin XCConfigurationList section */
		6B38EA111D4206FB0011FB3D /* Build configuration list for PBXProject "BookApp" */ = {
			isa = XCConfigurationList;
			buildConfigurations = (
				6B38EA341D4206FB0011FB3D /* Debug */,
				6B38EA351D4206FB0011FB3D /* Release */,
			);
			defaultConfigurationIsVisible = 0;
			defaultConfigurationName = Release;
		};
		6B38EA361D4206FB0011FB3D /* Build configuration list for PBXNativeTarget "BookApp" */ = {
			isa = XCConfigurationList;
			buildConfigurations = (
				6B38EA371D4206FB0011FB3D /* Debug */,
				6B38EA381D4206FB0011FB3D /* Release */,
			);
			defaultConfigurationIsVisible = 0;
			defaultConfigurationName = Release;
		};
		6B38EA391D4206FB0011FB3D /* Build configuration list for PBXNativeTarget "BookAppTests" */ = {
			isa = XCConfigurationList;
			buildConfigurations = (
				6B38EA3A1D4206FB0011FB3D /* Debug */,
				6B38EA3B1D4206FB0011FB3D /* Release */,
			);
			defaultConfigurationIsVisible = 0;
			defaultConfigurationName = Release;
		};
/* End XCConfigurationList section */

/* Begin XCVersionGroup section */
		6B38EA201D4206FB0011FB3D /* BookApp.xcdatamodeld */ = {
			isa = XCVersionGroup;
			children = (
				6B38EA211D4206FB0011FB3D /* BookApp.xcdatamodel */,
			);
			currentVersion = 6B38EA211D4206FB0011FB3D /* BookApp.xcdatamodel */;
			path = BookApp.xcdatamodeld;
			sourceTree = "<group>";
			versionGroupType = wrapper.xcdatamodel;
		};
/* End XCVersionGroup section */
	};
	rootObject = 6B38EA0E1D4206FB0011FB3D /* Project object */;
}
